{
  "name": "cowinslot",
  "version": "1.0.0",
  "lockfileVersion": 2,
  "requires": true,
  "packages": {
    "": {
      "version": "1.0.0",
      "license": "ISC",
      "dependencies": {
        "beepbeep": "^1.3.0"
      }
    },
    "node_modules/beepbeep": {
      "version": "1.3.0",
      "resolved": "https://registry.npmjs.org/beepbeep/-/beepbeep-1.3.0.tgz",
      "integrity": "sha512-11LndKDm4yoWDfAAfamuT4OZSeNyDOE7xDWrvSjK369bEdZHDECAESyrqnXB5qbgODEASJX9GUz1ZdGfIJFpUQ==",
      "bin": {
        "beepbeep": "bin/cmd.js"
      }
    }
  },
  "dependencies": {
    "beepbeep": {
      "version": "1.3.0",
      "resolved": "https://registry.npmjs.org/beepbeep/-/beepbeep-1.3.0.tgz",
      "integrity": "sha512-11LndKDm4yoWDfAAfamuT4OZSeNyDOE7xDWrvSjK369bEdZHDECAESyrqnXB5qbgODEASJX9GUz1ZdGfIJFpUQ=="
    }
  }
}
